// !$*UTF8*$!
{
	archiveVersion = 1;
	classes = {
	};
	objectVersion = 50;
	objects = {

/* Begin PBXBuildFile section */
		B46E8E27237C2CF700BCE516 /* AppDelegate.swift in Sources */ = {isa = PBXBuildFile; fileRef = B46E8E26237C2CF700BCE516 /* AppDelegate.swift */; };
		B46E8E29237C2CF700BCE516 /* SceneDelegate.swift in Sources */ = {isa = PBXBuildFile; fileRef = B46E8E28237C2CF700BCE516 /* SceneDelegate.swift */; };
		B46E8E2D237C2CF700BCE516 /* Assets.xcassets in Resources */ = {isa = PBXBuildFile; fileRef = B46E8E2C237C2CF700BCE516 /* Assets.xcassets */; };
		B46E8E33237C2CF700BCE516 /* LaunchScreen.storyboard in Resources */ = {isa = PBXBuildFile; fileRef = B46E8E31237C2CF700BCE516 /* LaunchScreen.storyboard */; };
		B46E8E55237C339D00BCE516 /* CitiesService.swift in Sources */ = {isa = PBXBuildFile; fileRef = B46E8E54237C339D00BCE516 /* CitiesService.swift */; };
		B46E8E69237C4BCA00BCE516 /* TabBarController.swift in Sources */ = {isa = PBXBuildFile; fileRef = B46E8E68237C4BCA00BCE516 /* TabBarController.swift */; };
		B46E8E6B237C4F9800BCE516 /* OfferPageViewController.swift in Sources */ = {isa = PBXBuildFile; fileRef = B46E8E6A237C4F9800BCE516 /* OfferPageViewController.swift */; };
		B46E8E72237C59E900BCE516 /* TabBarCoordinator.swift in Sources */ = {isa = PBXBuildFile; fileRef = B46E8E71237C59E900BCE516 /* TabBarCoordinator.swift */; };
		B46E8E76237C5AF600BCE516 /* AppCoordinator.swift in Sources */ = {isa = PBXBuildFile; fileRef = B46E8E75237C5AF600BCE516 /* AppCoordinator.swift */; };
		B46E8E7C237C6A3600BCE516 /* CitiesCoordinator.swift in Sources */ = {isa = PBXBuildFile; fileRef = B46E8E7B237C6A3600BCE516 /* CitiesCoordinator.swift */; };
		B47C6A49237C75380071BFC7 /* Common.framework in Frameworks */ = {isa = PBXBuildFile; fileRef = B47C6A45237C74D90071BFC7 /* Common.framework */; };
		B47C6A4A237C75380071BFC7 /* Common.framework in Embed Frameworks */ = {isa = PBXBuildFile; fileRef = B47C6A45237C74D90071BFC7 /* Common.framework */; settings = {ATTRIBUTES = (CodeSignOnCopy, RemoveHeadersOnCopy, ); }; };
		B47C6A6E237CD1370071BFC7 /* OfferPage.swift in Sources */ = {isa = PBXBuildFile; fileRef = B47C6A6D237CD1370071BFC7 /* OfferPage.swift */; };
		B47C6A70237CD1440071BFC7 /* Category.swift in Sources */ = {isa = PBXBuildFile; fileRef = B47C6A6F237CD1440071BFC7 /* Category.swift */; };
		B47C6A72237CD1530071BFC7 /* Banner.swift in Sources */ = {isa = PBXBuildFile; fileRef = B47C6A71237CD1530071BFC7 /* Banner.swift */; };
		B47C6A74237CD15F0071BFC7 /* Deal.swift in Sources */ = {isa = PBXBuildFile; fileRef = B47C6A73237CD15F0071BFC7 /* Deal.swift */; };
		B47C6A76237CD1730071BFC7 /* Mobile.swift in Sources */ = {isa = PBXBuildFile; fileRef = B47C6A75237CD1730071BFC7 /* Mobile.swift */; };
		B47C6A7F237F723F0071BFC7 /* TripsService.swift in Sources */ = {isa = PBXBuildFile; fileRef = B47C6A7E237F723F0071BFC7 /* TripsService.swift */; };
		B47C6A82237F72C80071BFC7 /* TripsCoordinator.swift in Sources */ = {isa = PBXBuildFile; fileRef = B47C6A81237F72C80071BFC7 /* TripsCoordinator.swift */; };
		B47C6A86237F737D0071BFC7 /* ProductsService.swift in Sources */ = {isa = PBXBuildFile; fileRef = B47C6A85237F737D0071BFC7 /* ProductsService.swift */; };
		B47C6A89237F73D30071BFC7 /* ProductsCoordinator.swift in Sources */ = {isa = PBXBuildFile; fileRef = B47C6A88237F73D30071BFC7 /* ProductsCoordinator.swift */; };
		B47C6A8C237F74810071BFC7 /* ProductCollectionViewCell.swift in Sources */ = {isa = PBXBuildFile; fileRef = B47C6A8B237F74810071BFC7 /* ProductCollectionViewCell.swift */; };
		B47C6A8F237F74B40071BFC7 /* ProductCollectionViewCellViewModel.swift in Sources */ = {isa = PBXBuildFile; fileRef = B47C6A8E237F74B40071BFC7 /* ProductCollectionViewCellViewModel.swift */; };
		B47C6A91237F74D80071BFC7 /* ProductCollectionViewCellViewModel+Deal.swift in Sources */ = {isa = PBXBuildFile; fileRef = B47C6A90237F74D80071BFC7 /* ProductCollectionViewCellViewModel+Deal.swift */; };
		B47C6A93237F74F90071BFC7 /* OfferPageView.swift in Sources */ = {isa = PBXBuildFile; fileRef = B47C6A92237F74F90071BFC7 /* OfferPageView.swift */; };
		B47C6A96237F75250071BFC7 /* OfferPageDealSection.swift in Sources */ = {isa = PBXBuildFile; fileRef = B47C6A95237F75250071BFC7 /* OfferPageDealSection.swift */; };
		B47C6A98237F75580071BFC7 /* OfferPageDealSection+Deals.swift in Sources */ = {isa = PBXBuildFile; fileRef = B47C6A97237F75580071BFC7 /* OfferPageDealSection+Deals.swift */; };
		B47C6A9D237F76C20071BFC7 /* OfferPageServiceProtocol.swift in Sources */ = {isa = PBXBuildFile; fileRef = B47C6A9C237F76C20071BFC7 /* OfferPageServiceProtocol.swift */; };
		B47C6AAE23809DEA0071BFC7 /* FBSnapshotTestCase.framework in CopyFiles */ = {isa = PBXBuildFile; fileRef = B47C6AA4238092800071BFC7 /* FBSnapshotTestCase.framework */; settings = {ATTRIBUTES = (CodeSignOnCopy, RemoveHeadersOnCopy, ); }; };
		B47C6AAF23809DEE0071BFC7 /* Nimble_Snapshots.framework in CopyFiles */ = {isa = PBXBuildFile; fileRef = B47C6AA2238092800071BFC7 /* Nimble_Snapshots.framework */; settings = {ATTRIBUTES = (CodeSignOnCopy, RemoveHeadersOnCopy, ); }; };
		B47C6AB023809DF40071BFC7 /* Nimble.framework in CopyFiles */ = {isa = PBXBuildFile; fileRef = B47C6AA3238092800071BFC7 /* Nimble.framework */; settings = {ATTRIBUTES = (CodeSignOnCopy, RemoveHeadersOnCopy, ); }; };
		B47C6AB123809DF90071BFC7 /* Quick.framework in CopyFiles */ = {isa = PBXBuildFile; fileRef = B47C6A9F238092700071BFC7 /* Quick.framework */; settings = {ATTRIBUTES = (CodeSignOnCopy, RemoveHeadersOnCopy, ); }; };
		B47C6AB223809E490071BFC7 /* FBSnapshotTestCase.framework in Frameworks */ = {isa = PBXBuildFile; fileRef = B47C6AA4238092800071BFC7 /* FBSnapshotTestCase.framework */; };
		B47C6AB323809E490071BFC7 /* Nimble_Snapshots.framework in Frameworks */ = {isa = PBXBuildFile; fileRef = B47C6AA2238092800071BFC7 /* Nimble_Snapshots.framework */; };
		B47C6AB423809E490071BFC7 /* Nimble.framework in Frameworks */ = {isa = PBXBuildFile; fileRef = B47C6AA3238092800071BFC7 /* Nimble.framework */; };
		B47C6AB523809E490071BFC7 /* Quick.framework in Frameworks */ = {isa = PBXBuildFile; fileRef = B47C6A9F238092700071BFC7 /* Quick.framework */; };
		B47C6AB72380A0CA0071BFC7 /* UIView+DynamicFrame.swift in Sources */ = {isa = PBXBuildFile; fileRef = B47C6AB62380A0CA0071BFC7 /* UIView+DynamicFrame.swift */; };
		B47C6ABD2380A6850071BFC7 /* TripsServiceSpec.swift in Sources */ = {isa = PBXBuildFile; fileRef = B47C6ABC2380A6850071BFC7 /* TripsServiceSpec.swift */; };
		B47C6ABF2380A68C0071BFC7 /* TripsCoordinatorSpec.swift in Sources */ = {isa = PBXBuildFile; fileRef = B47C6ABE2380A68C0071BFC7 /* TripsCoordinatorSpec.swift */; };
		B47C6AC22380A96A0071BFC7 /* FakeUIViewController.swift in Sources */ = {isa = PBXBuildFile; fileRef = B47C6AC12380A96A0071BFC7 /* FakeUIViewController.swift */; };
		B47C6AC42380AB920071BFC7 /* APIClientMock.swift in Sources */ = {isa = PBXBuildFile; fileRef = B47C6AC32380AB920071BFC7 /* APIClientMock.swift */; };
		B47C6AC62380B07E0071BFC7 /* main.swift in Sources */ = {isa = PBXBuildFile; fileRef = B47C6AC52380B07E0071BFC7 /* main.swift */; };
/* End PBXBuildFile section */

/* Begin PBXContainerItemProxy section */
		B46E8E3A237C2CF700BCE516 /* PBXContainerItemProxy */ = {
			isa = PBXContainerItemProxy;
			containerPortal = B46E8E1B237C2CF600BCE516 /* Project object */;
			proxyType = 1;
			remoteGlobalIDString = B46E8E22237C2CF600BCE516;
			remoteInfo = PUChallenge;
		};
		B47C6A44237C74D90071BFC7 /* PBXContainerItemProxy */ = {
			isa = PBXContainerItemProxy;
			containerPortal = B47C6A3F237C74D80071BFC7 /* Common.xcodeproj */;
			proxyType = 2;
			remoteGlobalIDString = B47C6A25237C74D80071BFC7;
			remoteInfo = Common;
		};
		B47C6A46237C74D90071BFC7 /* PBXContainerItemProxy */ = {
			isa = PBXContainerItemProxy;
			containerPortal = B47C6A3F237C74D80071BFC7 /* Common.xcodeproj */;
			proxyType = 2;
			remoteGlobalIDString = B47C6A2E237C74D80071BFC7;
			remoteInfo = CommonTests;
		};
		B47C6A4F237C75C90071BFC7 /* PBXContainerItemProxy */ = {
			isa = PBXContainerItemProxy;
			containerPortal = B47C6A3F237C74D80071BFC7 /* Common.xcodeproj */;
			proxyType = 1;
			remoteGlobalIDString = B47C6A24237C74D80071BFC7;
			remoteInfo = Common;
		};
/* End PBXContainerItemProxy section */

/* Begin PBXCopyFilesBuildPhase section */
		B47C6A4B237C75390071BFC7 /* Embed Frameworks */ = {
			isa = PBXCopyFilesBuildPhase;
			buildActionMask = 2147483647;
			dstPath = "";
			dstSubfolderSpec = 10;
			files = (
				B47C6A4A237C75380071BFC7 /* Common.framework in Embed Frameworks */,
			);
			name = "Embed Frameworks";
			runOnlyForDeploymentPostprocessing = 0;
		};
		B47C6AAD23809DE00071BFC7 /* CopyFiles */ = {
			isa = PBXCopyFilesBuildPhase;
			buildActionMask = 2147483647;
			dstPath = "";
			dstSubfolderSpec = 10;
			files = (
				B47C6AB123809DF90071BFC7 /* Quick.framework in CopyFiles */,
				B47C6AB023809DF40071BFC7 /* Nimble.framework in CopyFiles */,
				B47C6AAF23809DEE0071BFC7 /* Nimble_Snapshots.framework in CopyFiles */,
				B47C6AAE23809DEA0071BFC7 /* FBSnapshotTestCase.framework in CopyFiles */,
			);
			runOnlyForDeploymentPostprocessing = 0;
		};
/* End PBXCopyFilesBuildPhase section */

/* Begin PBXFileReference section */
		B46E8E23237C2CF600BCE516 /* PUChallenge.app */ = {isa = PBXFileReference; explicitFileType = wrapper.application; includeInIndex = 0; path = PUChallenge.app; sourceTree = BUILT_PRODUCTS_DIR; };
		B46E8E26237C2CF700BCE516 /* AppDelegate.swift */ = {isa = PBXFileReference; lastKnownFileType = sourcecode.swift; path = AppDelegate.swift; sourceTree = "<group>"; };
		B46E8E28237C2CF700BCE516 /* SceneDelegate.swift */ = {isa = PBXFileReference; lastKnownFileType = sourcecode.swift; path = SceneDelegate.swift; sourceTree = "<group>"; };
		B46E8E2C237C2CF700BCE516 /* Assets.xcassets */ = {isa = PBXFileReference; lastKnownFileType = folder.assetcatalog; path = Assets.xcassets; sourceTree = "<group>"; };
		B46E8E32237C2CF700BCE516 /* Base */ = {isa = PBXFileReference; lastKnownFileType = file.storyboard; name = Base; path = Base.lproj/LaunchScreen.storyboard; sourceTree = "<group>"; };
		B46E8E34237C2CF700BCE516 /* Info.plist */ = {isa = PBXFileReference; lastKnownFileType = text.plist.xml; path = Info.plist; sourceTree = "<group>"; };
		B46E8E39237C2CF700BCE516 /* PUChallengeTests.xctest */ = {isa = PBXFileReference; explicitFileType = wrapper.cfbundle; includeInIndex = 0; path = PUChallengeTests.xctest; sourceTree = BUILT_PRODUCTS_DIR; };
		B46E8E3F237C2CF700BCE516 /* Info.plist */ = {isa = PBXFileReference; lastKnownFileType = text.plist.xml; path = Info.plist; sourceTree = "<group>"; };
		B46E8E54237C339D00BCE516 /* CitiesService.swift */ = {isa = PBXFileReference; lastKnownFileType = sourcecode.swift; path = CitiesService.swift; sourceTree = "<group>"; };
		B46E8E68237C4BCA00BCE516 /* TabBarController.swift */ = {isa = PBXFileReference; lastKnownFileType = sourcecode.swift; path = TabBarController.swift; sourceTree = "<group>"; };
		B46E8E6A237C4F9800BCE516 /* OfferPageViewController.swift */ = {isa = PBXFileReference; lastKnownFileType = sourcecode.swift; path = OfferPageViewController.swift; sourceTree = "<group>"; };
		B46E8E71237C59E900BCE516 /* TabBarCoordinator.swift */ = {isa = PBXFileReference; lastKnownFileType = sourcecode.swift; path = TabBarCoordinator.swift; sourceTree = "<group>"; };
		B46E8E75237C5AF600BCE516 /* AppCoordinator.swift */ = {isa = PBXFileReference; lastKnownFileType = sourcecode.swift; path = AppCoordinator.swift; sourceTree = "<group>"; };
		B46E8E7B237C6A3600BCE516 /* CitiesCoordinator.swift */ = {isa = PBXFileReference; lastKnownFileType = sourcecode.swift; path = CitiesCoordinator.swift; sourceTree = "<group>"; };
		B47C6A3F237C74D80071BFC7 /* Common.xcodeproj */ = {isa = PBXFileReference; lastKnownFileType = "wrapper.pb-project"; name = Common.xcodeproj; path = Common/Common.xcodeproj; sourceTree = "<group>"; };
		B47C6A6D237CD1370071BFC7 /* OfferPage.swift */ = {isa = PBXFileReference; lastKnownFileType = sourcecode.swift; path = OfferPage.swift; sourceTree = "<group>"; };
		B47C6A6F237CD1440071BFC7 /* Category.swift */ = {isa = PBXFileReference; lastKnownFileType = sourcecode.swift; path = Category.swift; sourceTree = "<group>"; };
		B47C6A71237CD1530071BFC7 /* Banner.swift */ = {isa = PBXFileReference; lastKnownFileType = sourcecode.swift; path = Banner.swift; sourceTree = "<group>"; };
		B47C6A73237CD15F0071BFC7 /* Deal.swift */ = {isa = PBXFileReference; lastKnownFileType = sourcecode.swift; path = Deal.swift; sourceTree = "<group>"; };
		B47C6A75237CD1730071BFC7 /* Mobile.swift */ = {isa = PBXFileReference; lastKnownFileType = sourcecode.swift; path = Mobile.swift; sourceTree = "<group>"; };
		B47C6A7E237F723F0071BFC7 /* TripsService.swift */ = {isa = PBXFileReference; lastKnownFileType = sourcecode.swift; path = TripsService.swift; sourceTree = "<group>"; };
		B47C6A81237F72C80071BFC7 /* TripsCoordinator.swift */ = {isa = PBXFileReference; lastKnownFileType = sourcecode.swift; path = TripsCoordinator.swift; sourceTree = "<group>"; };
		B47C6A85237F737D0071BFC7 /* ProductsService.swift */ = {isa = PBXFileReference; lastKnownFileType = sourcecode.swift; path = ProductsService.swift; sourceTree = "<group>"; };
		B47C6A88237F73D30071BFC7 /* ProductsCoordinator.swift */ = {isa = PBXFileReference; lastKnownFileType = sourcecode.swift; path = ProductsCoordinator.swift; sourceTree = "<group>"; };
		B47C6A8B237F74810071BFC7 /* ProductCollectionViewCell.swift */ = {isa = PBXFileReference; lastKnownFileType = sourcecode.swift; path = ProductCollectionViewCell.swift; sourceTree = "<group>"; };
		B47C6A8E237F74B40071BFC7 /* ProductCollectionViewCellViewModel.swift */ = {isa = PBXFileReference; lastKnownFileType = sourcecode.swift; path = ProductCollectionViewCellViewModel.swift; sourceTree = "<group>"; };
		B47C6A90237F74D80071BFC7 /* ProductCollectionViewCellViewModel+Deal.swift */ = {isa = PBXFileReference; lastKnownFileType = sourcecode.swift; path = "ProductCollectionViewCellViewModel+Deal.swift"; sourceTree = "<group>"; };
		B47C6A92237F74F90071BFC7 /* OfferPageView.swift */ = {isa = PBXFileReference; fileEncoding = 4; lastKnownFileType = sourcecode.swift; path = OfferPageView.swift; sourceTree = "<group>"; };
		B47C6A95237F75250071BFC7 /* OfferPageDealSection.swift */ = {isa = PBXFileReference; lastKnownFileType = sourcecode.swift; path = OfferPageDealSection.swift; sourceTree = "<group>"; };
		B47C6A97237F75580071BFC7 /* OfferPageDealSection+Deals.swift */ = {isa = PBXFileReference; lastKnownFileType = sourcecode.swift; path = "OfferPageDealSection+Deals.swift"; sourceTree = "<group>"; };
		B47C6A9C237F76C20071BFC7 /* OfferPageServiceProtocol.swift */ = {isa = PBXFileReference; lastKnownFileType = sourcecode.swift; path = OfferPageServiceProtocol.swift; sourceTree = "<group>"; };
		B47C6A9F238092700071BFC7 /* Quick.framework */ = {isa = PBXFileReference; lastKnownFileType = wrapper.framework; name = Quick.framework; path = Carthage/Build/iOS/Quick.framework; sourceTree = "<group>"; };
		B47C6AA2238092800071BFC7 /* Nimble_Snapshots.framework */ = {isa = PBXFileReference; lastKnownFileType = wrapper.framework; name = Nimble_Snapshots.framework; path = Carthage/Build/iOS/Nimble_Snapshots.framework; sourceTree = "<group>"; };
		B47C6AA3238092800071BFC7 /* Nimble.framework */ = {isa = PBXFileReference; lastKnownFileType = wrapper.framework; name = Nimble.framework; path = Carthage/Build/iOS/Nimble.framework; sourceTree = "<group>"; };
		B47C6AA4238092800071BFC7 /* FBSnapshotTestCase.framework */ = {isa = PBXFileReference; lastKnownFileType = wrapper.framework; name = FBSnapshotTestCase.framework; path = Carthage/Build/iOS/FBSnapshotTestCase.framework; sourceTree = "<group>"; };
		B47C6AB62380A0CA0071BFC7 /* UIView+DynamicFrame.swift */ = {isa = PBXFileReference; lastKnownFileType = sourcecode.swift; path = "UIView+DynamicFrame.swift"; sourceTree = "<group>"; };
		B47C6ABC2380A6850071BFC7 /* TripsServiceSpec.swift */ = {isa = PBXFileReference; lastKnownFileType = sourcecode.swift; path = TripsServiceSpec.swift; sourceTree = "<group>"; };
		B47C6ABE2380A68C0071BFC7 /* TripsCoordinatorSpec.swift */ = {isa = PBXFileReference; lastKnownFileType = sourcecode.swift; path = TripsCoordinatorSpec.swift; sourceTree = "<group>"; };
		B47C6AC12380A96A0071BFC7 /* FakeUIViewController.swift */ = {isa = PBXFileReference; lastKnownFileType = sourcecode.swift; path = FakeUIViewController.swift; sourceTree = "<group>"; };
		B47C6AC32380AB920071BFC7 /* APIClientMock.swift */ = {isa = PBXFileReference; lastKnownFileType = sourcecode.swift; path = APIClientMock.swift; sourceTree = "<group>"; };
		B47C6AC52380B07E0071BFC7 /* main.swift */ = {isa = PBXFileReference; lastKnownFileType = sourcecode.swift; path = main.swift; sourceTree = "<group>"; };
/* End PBXFileReference section */

/* Begin PBXFrameworksBuildPhase section */
		B46E8E20237C2CF600BCE516 /* Frameworks */ = {
			isa = PBXFrameworksBuildPhase;
			buildActionMask = 2147483647;
			files = (
				B47C6A49237C75380071BFC7 /* Common.framework in Frameworks */,
			);
			runOnlyForDeploymentPostprocessing = 0;
		};
		B46E8E36237C2CF700BCE516 /* Frameworks */ = {
			isa = PBXFrameworksBuildPhase;
			buildActionMask = 2147483647;
			files = (
				B47C6AB223809E490071BFC7 /* FBSnapshotTestCase.framework in Frameworks */,
				B47C6AB323809E490071BFC7 /* Nimble_Snapshots.framework in Frameworks */,
				B47C6AB423809E490071BFC7 /* Nimble.framework in Frameworks */,
				B47C6AB523809E490071BFC7 /* Quick.framework in Frameworks */,
			);
			runOnlyForDeploymentPostprocessing = 0;
		};
/* End PBXFrameworksBuildPhase section */

/* Begin PBXGroup section */
		B46E8E1A237C2CF600BCE516 = {
			isa = PBXGroup;
			children = (
				B46E8E25237C2CF700BCE516 /* PUChallenge */,
				B46E8E3C237C2CF700BCE516 /* PUChallengeTests */,
				B46E8E24237C2CF600BCE516 /* Products */,
				B47C6A48237C75380071BFC7 /* Frameworks */,
			);
			sourceTree = "<group>";
		};
		B46E8E24237C2CF600BCE516 /* Products */ = {
			isa = PBXGroup;
			children = (
				B46E8E23237C2CF600BCE516 /* PUChallenge.app */,
				B46E8E39237C2CF700BCE516 /* PUChallengeTests.xctest */,
			);
			name = Products;
			sourceTree = "<group>";
		};
		B46E8E25237C2CF700BCE516 /* PUChallenge */ = {
			isa = PBXGroup;
			children = (
				B47C6A1A237C745A0071BFC7 /* Modules */,
				B46E8E49237C314B00BCE516 /* Cities */,
				B47C6A83237F73090071BFC7 /* OfferPage */,
				B46E8E4B237C315700BCE516 /* Products */,
				B47C6A58237C775E0071BFC7 /* TabBar */,
				B46E8E4A237C315000BCE516 /* Trips */,
				B46E8E75237C5AF600BCE516 /* AppCoordinator.swift */,
				B46E8E26237C2CF700BCE516 /* AppDelegate.swift */,
				B46E8E28237C2CF700BCE516 /* SceneDelegate.swift */,
				B46E8E2C237C2CF700BCE516 /* Assets.xcassets */,
				B46E8E31237C2CF700BCE516 /* LaunchScreen.storyboard */,
				B46E8E34237C2CF700BCE516 /* Info.plist */,
				B47C6AC52380B07E0071BFC7 /* main.swift */,
			);
			path = PUChallenge;
			sourceTree = "<group>";
		};
		B46E8E3C237C2CF700BCE516 /* PUChallengeTests */ = {
			isa = PBXGroup;
			children = (
				B47C6AC02380A93B0071BFC7 /* Utilities */,
				B47C6AB92380A66F0071BFC7 /* Trips */,
				B46E8E3F237C2CF700BCE516 /* Info.plist */,
			);
			path = PUChallengeTests;
			sourceTree = "<group>";
		};
		B46E8E49237C314B00BCE516 /* Cities */ = {
			isa = PBXGroup;
			children = (
				B46E8E7A237C6A2D00BCE516 /* Coordinator */,
				B46E8E4F237C32CC00BCE516 /* Service */,
			);
			path = Cities;
			sourceTree = "<group>";
		};
		B46E8E4A237C315000BCE516 /* Trips */ = {
			isa = PBXGroup;
			children = (
				B47C6A80237F72BF0071BFC7 /* Coordinator */,
				B47C6A7D237F72360071BFC7 /* Service */,
			);
			path = Trips;
			sourceTree = "<group>";
		};
		B46E8E4B237C315700BCE516 /* Products */ = {
			isa = PBXGroup;
			children = (
				B47C6A87237F73C80071BFC7 /* Coordinator */,
				B47C6A84237F73710071BFC7 /* Service */,
			);
			path = Products;
			sourceTree = "<group>";
		};
		B46E8E4E237C32B900BCE516 /* Controllers */ = {
			isa = PBXGroup;
			children = (
				B46E8E6A237C4F9800BCE516 /* OfferPageViewController.swift */,
			);
			path = Controllers;
			sourceTree = "<group>";
		};
		B46E8E4F237C32CC00BCE516 /* Service */ = {
			isa = PBXGroup;
			children = (
				B46E8E54237C339D00BCE516 /* CitiesService.swift */,
			);
			path = Service;
			sourceTree = "<group>";
		};
		B46E8E50237C32D300BCE516 /* Models */ = {
			isa = PBXGroup;
			children = (
				B47C6A6D237CD1370071BFC7 /* OfferPage.swift */,
				B47C6A6F237CD1440071BFC7 /* Category.swift */,
				B47C6A71237CD1530071BFC7 /* Banner.swift */,
				B47C6A73237CD15F0071BFC7 /* Deal.swift */,
				B47C6A75237CD1730071BFC7 /* Mobile.swift */,
			);
			path = Models;
			sourceTree = "<group>";
		};
		B46E8E67237C4BBB00BCE516 /* Controllers */ = {
			isa = PBXGroup;
			children = (
				B46E8E68237C4BCA00BCE516 /* TabBarController.swift */,
			);
			path = Controllers;
			sourceTree = "<group>";
		};
		B46E8E7A237C6A2D00BCE516 /* Coordinator */ = {
			isa = PBXGroup;
			children = (
				B46E8E7B237C6A3600BCE516 /* CitiesCoordinator.swift */,
			);
			path = Coordinator;
			sourceTree = "<group>";
		};
		B47C6A1A237C745A0071BFC7 /* Modules */ = {
			isa = PBXGroup;
			children = (
				B47C6A3F237C74D80071BFC7 /* Common.xcodeproj */,
			);
			path = Modules;
			sourceTree = "<group>";
		};
		B47C6A40237C74D80071BFC7 /* Products */ = {
			isa = PBXGroup;
			children = (
				B47C6A45237C74D90071BFC7 /* Common.framework */,
				B47C6A47237C74D90071BFC7 /* CommonTests.xctest */,
			);
			name = Products;
			sourceTree = "<group>";
		};
		B47C6A48237C75380071BFC7 /* Frameworks */ = {
			isa = PBXGroup;
			children = (
				B47C6AA4238092800071BFC7 /* FBSnapshotTestCase.framework */,
				B47C6AA2238092800071BFC7 /* Nimble_Snapshots.framework */,
				B47C6AA3238092800071BFC7 /* Nimble.framework */,
				B47C6A9F238092700071BFC7 /* Quick.framework */,
			);
			name = Frameworks;
			sourceTree = "<group>";
		};
		B47C6A58237C775E0071BFC7 /* TabBar */ = {
			isa = PBXGroup;
			children = (
				B46E8E67237C4BBB00BCE516 /* Controllers */,
				B47C6A59237C776C0071BFC7 /* Coordinator */,
			);
			path = TabBar;
			sourceTree = "<group>";
		};
		B47C6A59237C776C0071BFC7 /* Coordinator */ = {
			isa = PBXGroup;
			children = (
				B46E8E71237C59E900BCE516 /* TabBarCoordinator.swift */,
			);
			path = Coordinator;
			sourceTree = "<group>";
		};
		B47C6A7D237F72360071BFC7 /* Service */ = {
			isa = PBXGroup;
			children = (
				B47C6A7E237F723F0071BFC7 /* TripsService.swift */,
			);
			path = Service;
			sourceTree = "<group>";
		};
		B47C6A80237F72BF0071BFC7 /* Coordinator */ = {
			isa = PBXGroup;
			children = (
				B47C6A81237F72C80071BFC7 /* TripsCoordinator.swift */,
			);
			path = Coordinator;
			sourceTree = "<group>";
		};
		B47C6A83237F73090071BFC7 /* OfferPage */ = {
			isa = PBXGroup;
			children = (
				B47C6A9B237F76B30071BFC7 /* Protocols */,
				B47C6A94237F75150071BFC7 /* Sections */,
				B47C6A8D237F74A80071BFC7 /* ViewModels */,
				B47C6A8A237F74710071BFC7 /* Views */,
				B46E8E4E237C32B900BCE516 /* Controllers */,
				B46E8E50237C32D300BCE516 /* Models */,
			);
			path = OfferPage;
			sourceTree = "<group>";
		};
		B47C6A84237F73710071BFC7 /* Service */ = {
			isa = PBXGroup;
			children = (
				B47C6A85237F737D0071BFC7 /* ProductsService.swift */,
			);
			path = Service;
			sourceTree = "<group>";
		};
		B47C6A87237F73C80071BFC7 /* Coordinator */ = {
			isa = PBXGroup;
			children = (
				B47C6A88237F73D30071BFC7 /* ProductsCoordinator.swift */,
			);
			path = Coordinator;
			sourceTree = "<group>";
		};
		B47C6A8A237F74710071BFC7 /* Views */ = {
			isa = PBXGroup;
			children = (
				B47C6A92237F74F90071BFC7 /* OfferPageView.swift */,
				B47C6A8B237F74810071BFC7 /* ProductCollectionViewCell.swift */,
			);
			path = Views;
			sourceTree = "<group>";
		};
		B47C6A8D237F74A80071BFC7 /* ViewModels */ = {
			isa = PBXGroup;
			children = (
				B47C6A8E237F74B40071BFC7 /* ProductCollectionViewCellViewModel.swift */,
				B47C6A90237F74D80071BFC7 /* ProductCollectionViewCellViewModel+Deal.swift */,
			);
			path = ViewModels;
			sourceTree = "<group>";
		};
		B47C6A94237F75150071BFC7 /* Sections */ = {
			isa = PBXGroup;
			children = (
				B47C6A95237F75250071BFC7 /* OfferPageDealSection.swift */,
				B47C6A97237F75580071BFC7 /* OfferPageDealSection+Deals.swift */,
			);
			path = Sections;
			sourceTree = "<group>";
		};
		B47C6A9B237F76B30071BFC7 /* Protocols */ = {
			isa = PBXGroup;
			children = (
				B47C6A9C237F76C20071BFC7 /* OfferPageServiceProtocol.swift */,
			);
			path = Protocols;
			sourceTree = "<group>";
		};
		B47C6AB92380A66F0071BFC7 /* Trips */ = {
			isa = PBXGroup;
			children = (
				B47C6ABB2380A67A0071BFC7 /* Service */,
				B47C6ABA2380A6750071BFC7 /* Coordinator */,
			);
			path = Trips;
			sourceTree = "<group>";
		};
		B47C6ABA2380A6750071BFC7 /* Coordinator */ = {
			isa = PBXGroup;
			children = (
				B47C6ABE2380A68C0071BFC7 /* TripsCoordinatorSpec.swift */,
			);
			path = Coordinator;
			sourceTree = "<group>";
		};
		B47C6ABB2380A67A0071BFC7 /* Service */ = {
			isa = PBXGroup;
			children = (
				B47C6ABC2380A6850071BFC7 /* TripsServiceSpec.swift */,
			);
			path = Service;
			sourceTree = "<group>";
		};
		B47C6AC02380A93B0071BFC7 /* Utilities */ = {
			isa = PBXGroup;
			children = (
				B47C6AB62380A0CA0071BFC7 /* UIView+DynamicFrame.swift */,
				B47C6AC12380A96A0071BFC7 /* FakeUIViewController.swift */,
				B47C6AC32380AB920071BFC7 /* APIClientMock.swift */,
			);
			path = Utilities;
			sourceTree = "<group>";
		};
/* End PBXGroup section */

/* Begin PBXNativeTarget section */
		B46E8E22237C2CF600BCE516 /* PUChallenge */ = {
			isa = PBXNativeTarget;
			buildConfigurationList = B46E8E42237C2CF700BCE516 /* Build configuration list for PBXNativeTarget "PUChallenge" */;
			buildPhases = (
				B46E8E1F237C2CF600BCE516 /* Sources */,
				B46E8E20237C2CF600BCE516 /* Frameworks */,
				B46E8E21237C2CF600BCE516 /* Resources */,
				B47C6A4B237C75390071BFC7 /* Embed Frameworks */,
				B47C6AB82380A1AA0071BFC7 /* SwiftLint */,
			);
			buildRules = (
			);
			dependencies = (
				B47C6A50237C75C90071BFC7 /* PBXTargetDependency */,
			);
			name = PUChallenge;
			productName = PUChallenge;
			productReference = B46E8E23237C2CF600BCE516 /* PUChallenge.app */;
			productType = "com.apple.product-type.application";
		};
		B46E8E38237C2CF700BCE516 /* PUChallengeTests */ = {
			isa = PBXNativeTarget;
			buildConfigurationList = B46E8E45237C2CF700BCE516 /* Build configuration list for PBXNativeTarget "PUChallengeTests" */;
			buildPhases = (
				B46E8E35237C2CF700BCE516 /* Sources */,
				B46E8E36237C2CF700BCE516 /* Frameworks */,
				B46E8E37237C2CF700BCE516 /* Resources */,
				B47C6AA8238093740071BFC7 /* Carthage */,
				B47C6AAD23809DE00071BFC7 /* CopyFiles */,
			);
			buildRules = (
			);
			dependencies = (
				B46E8E3B237C2CF700BCE516 /* PBXTargetDependency */,
			);
			name = PUChallengeTests;
			productName = PUChallengeTests;
			productReference = B46E8E39237C2CF700BCE516 /* PUChallengeTests.xctest */;
			productType = "com.apple.product-type.bundle.unit-test";
		};
/* End PBXNativeTarget section */

/* Begin PBXProject section */
		B46E8E1B237C2CF600BCE516 /* Project object */ = {
			isa = PBXProject;
			attributes = {
				LastSwiftUpdateCheck = 1120;
				LastUpgradeCheck = 1120;
				ORGANIZATIONNAME = "Mauricio Cardozo";
				TargetAttributes = {
					B46E8E22237C2CF600BCE516 = {
						CreatedOnToolsVersion = 11.2.1;
					};
					B46E8E38237C2CF700BCE516 = {
						CreatedOnToolsVersion = 11.2.1;
						TestTargetID = B46E8E22237C2CF600BCE516;
					};
				};
			};
			buildConfigurationList = B46E8E1E237C2CF600BCE516 /* Build configuration list for PBXProject "PUChallenge" */;
			compatibilityVersion = "Xcode 9.3";
			developmentRegion = en;
			hasScannedForEncodings = 0;
			knownRegions = (
				en,
				Base,
			);
			mainGroup = B46E8E1A237C2CF600BCE516;
			productRefGroup = B46E8E24237C2CF600BCE516 /* Products */;
			projectDirPath = "";
			projectReferences = (
				{
					ProductGroup = B47C6A40237C74D80071BFC7 /* Products */;
					ProjectRef = B47C6A3F237C74D80071BFC7 /* Common.xcodeproj */;
				},
			);
			projectRoot = "";
			targets = (
				B46E8E22237C2CF600BCE516 /* PUChallenge */,
				B46E8E38237C2CF700BCE516 /* PUChallengeTests */,
			);
		};
/* End PBXProject section */

/* Begin PBXReferenceProxy section */
		B47C6A45237C74D90071BFC7 /* Common.framework */ = {
			isa = PBXReferenceProxy;
			fileType = wrapper.framework;
			path = Common.framework;
			remoteRef = B47C6A44237C74D90071BFC7 /* PBXContainerItemProxy */;
			sourceTree = BUILT_PRODUCTS_DIR;
		};
		B47C6A47237C74D90071BFC7 /* CommonTests.xctest */ = {
			isa = PBXReferenceProxy;
			fileType = wrapper.cfbundle;
			path = CommonTests.xctest;
			remoteRef = B47C6A46237C74D90071BFC7 /* PBXContainerItemProxy */;
			sourceTree = BUILT_PRODUCTS_DIR;
		};
/* End PBXReferenceProxy section */

/* Begin PBXResourcesBuildPhase section */
		B46E8E21237C2CF600BCE516 /* Resources */ = {
			isa = PBXResourcesBuildPhase;
			buildActionMask = 2147483647;
			files = (
				B46E8E33237C2CF700BCE516 /* LaunchScreen.storyboard in Resources */,
				B46E8E2D237C2CF700BCE516 /* Assets.xcassets in Resources */,
			);
			runOnlyForDeploymentPostprocessing = 0;
		};
		B46E8E37237C2CF700BCE516 /* Resources */ = {
			isa = PBXResourcesBuildPhase;
			buildActionMask = 2147483647;
			files = (
			);
			runOnlyForDeploymentPostprocessing = 0;
		};
/* End PBXResourcesBuildPhase section */

/* Begin PBXShellScriptBuildPhase section */
		B47C6AA8238093740071BFC7 /* Carthage */ = {
			isa = PBXShellScriptBuildPhase;
			buildActionMask = 8;
			files = (
			);
			inputFileListPaths = (
			);
			inputPaths = (
				"$(SRCROOT)/Carthage/Build/iOS/Quick.framework",
				"$(SRCROOT)/Carthage/Build/iOS/Nimble.framework",
				"$(SRCROOT)/Carthage/Build/iOS/FBSnapshotTestCase.framework",
				"$(SRCROOT)/Carthage/Build/iOS/Nimble_Snapshots.framework",
			);
			name = Carthage;
			outputFileListPaths = (
			);
			outputPaths = (
				"$(BUILT_PRODUCTS_DIR)/$(FRAMEWORKS_FOLDER_PATH)/Quick.framework",
				"$(BUILT_PRODUCTS_DIR)/$(FRAMEWORKS_FOLDER_PATH)/Nimble.framework",
				"$(BUILT_PRODUCTS_DIR)/$(FRAMEWORKS_FOLDER_PATH)/FBSnapshotTestCase.framework",
				"$(BUILT_PRODUCTS_DIR)/$(FRAMEWORKS_FOLDER_PATH)/Nimble_Snapshots.framework",
			);
			runOnlyForDeploymentPostprocessing = 1;
			shellPath = "/usr/local/bin/carthage copy-frameworks\n/usr/local/bin/carthage copy-frameworks\n";
			shellScript = "
";
		};
		B47C6AB82380A1AA0071BFC7 /* SwiftLint */ = {
			isa = PBXShellScriptBuildPhase;
			buildActionMask = 2147483647;
			files = (
			);
			inputFileListPaths = (
			);
			inputPaths = (
			);
			name = SwiftLint;
			outputFileListPaths = (
			);
			outputPaths = (
			);
			runOnlyForDeploymentPostprocessing = 0;
			shellPath = /bin/sh;
			shellScript = "# Type a script or drag a script file from your workspace to insert its path.\nif which swiftlint >/dev/null; then\n  swiftlint\nelse\n  echo \"warning: SwiftLint not installed, download from https://github.com/realm/SwiftLint\"\nfi\n";
		};
/* End PBXShellScriptBuildPhase section */

/* Begin PBXSourcesBuildPhase section */
		B46E8E1F237C2CF600BCE516 /* Sources */ = {
			isa = PBXSourcesBuildPhase;
			buildActionMask = 2147483647;
			files = (
				B47C6A76237CD1730071BFC7 /* Mobile.swift in Sources */,
				B47C6A98237F75580071BFC7 /* OfferPageDealSection+Deals.swift in Sources */,
				B47C6A7F237F723F0071BFC7 /* TripsService.swift in Sources */,
				B47C6A89237F73D30071BFC7 /* ProductsCoordinator.swift in Sources */,
				B47C6A96237F75250071BFC7 /* OfferPageDealSection.swift in Sources */,
				B47C6A8F237F74B40071BFC7 /* ProductCollectionViewCellViewModel.swift in Sources */,
				B46E8E69237C4BCA00BCE516 /* TabBarController.swift in Sources */,
				B46E8E55237C339D00BCE516 /* CitiesService.swift in Sources */,
				B47C6A72237CD1530071BFC7 /* Banner.swift in Sources */,
				B46E8E72237C59E900BCE516 /* TabBarCoordinator.swift in Sources */,
				B46E8E27237C2CF700BCE516 /* AppDelegate.swift in Sources */,
				B47C6A9D237F76C20071BFC7 /* OfferPageServiceProtocol.swift in Sources */,
				B47C6A82237F72C80071BFC7 /* TripsCoordinator.swift in Sources */,
				B46E8E6B237C4F9800BCE516 /* OfferPageViewController.swift in Sources */,
				B47C6A6E237CD1370071BFC7 /* OfferPage.swift in Sources */,
				B47C6A91237F74D80071BFC7 /* ProductCollectionViewCellViewModel+Deal.swift in Sources */,
				B47C6AC62380B07E0071BFC7 /* main.swift in Sources */,
				B46E8E76237C5AF600BCE516 /* AppCoordinator.swift in Sources */,
				B46E8E7C237C6A3600BCE516 /* CitiesCoordinator.swift in Sources */,
				B47C6A86237F737D0071BFC7 /* ProductsService.swift in Sources */,
				B47C6A93237F74F90071BFC7 /* OfferPageView.swift in Sources */,
				B46E8E29237C2CF700BCE516 /* SceneDelegate.swift in Sources */,
				B47C6A70237CD1440071BFC7 /* Category.swift in Sources */,
				B47C6A74237CD15F0071BFC7 /* Deal.swift in Sources */,
				B47C6A8C237F74810071BFC7 /* ProductCollectionViewCell.swift in Sources */,
			);
			runOnlyForDeploymentPostprocessing = 0;
		};
		B46E8E35237C2CF700BCE516 /* Sources */ = {
			isa = PBXSourcesBuildPhase;
			buildActionMask = 2147483647;
			files = (
				B47C6AB72380A0CA0071BFC7 /* UIView+DynamicFrame.swift in Sources */,
				B47C6AC22380A96A0071BFC7 /* FakeUIViewController.swift in Sources */,
				B47C6AC42380AB920071BFC7 /* APIClientMock.swift in Sources */,
				B47C6ABF2380A68C0071BFC7 /* TripsCoordinatorSpec.swift in Sources */,
				B47C6ABD2380A6850071BFC7 /* TripsServiceSpec.swift in Sources */,
			);
			runOnlyForDeploymentPostprocessing = 0;
		};
/* End PBXSourcesBuildPhase section */

/* Begin PBXTargetDependency section */
		B46E8E3B237C2CF700BCE516 /* PBXTargetDependency */ = {
			isa = PBXTargetDependency;
			target = B46E8E22237C2CF600BCE516 /* PUChallenge */;
			targetProxy = B46E8E3A237C2CF700BCE516 /* PBXContainerItemProxy */;
		};
		B47C6A50237C75C90071BFC7 /* PBXTargetDependency */ = {
			isa = PBXTargetDependency;
			name = Common;
			targetProxy = B47C6A4F237C75C90071BFC7 /* PBXContainerItemProxy */;
		};
/* End PBXTargetDependency section */

/* Begin PBXVariantGroup section */
		B46E8E31237C2CF700BCE516 /* LaunchScreen.storyboard */ = {
			isa = PBXVariantGroup;
			children = (
				B46E8E32237C2CF700BCE516 /* Base */,
			);
			name = LaunchScreen.storyboard;
			sourceTree = "<group>";
		};
/* End PBXVariantGroup section */

/* Begin XCBuildConfiguration section */
		B46E8E40237C2CF700BCE516 /* Debug */ = {
			isa = XCBuildConfiguration;
			buildSettings = {
				ALWAYS_SEARCH_USER_PATHS = NO;
				CLANG_ANALYZER_NONNULL = YES;
				CLANG_ANALYZER_NUMBER_OBJECT_CONVERSION = YES_AGGRESSIVE;
				CLANG_CXX_LANGUAGE_STANDARD = "gnu++14";
				CLANG_CXX_LIBRARY = "libc++";
				CLANG_ENABLE_MODULES = YES;
				CLANG_ENABLE_OBJC_ARC = YES;
				CLANG_ENABLE_OBJC_WEAK = YES;
				CLANG_WARN_BLOCK_CAPTURE_AUTORELEASING = YES;
				CLANG_WARN_BOOL_CONVERSION = YES;
				CLANG_WARN_COMMA = YES;
				CLANG_WARN_CONSTANT_CONVERSION = YES;
				CLANG_WARN_DEPRECATED_OBJC_IMPLEMENTATIONS = YES;
				CLANG_WARN_DIRECT_OBJC_ISA_USAGE = YES_ERROR;
				CLANG_WARN_DOCUMENTATION_COMMENTS = YES;
				CLANG_WARN_EMPTY_BODY = YES;
				CLANG_WARN_ENUM_CONVERSION = YES;
				CLANG_WARN_INFINITE_RECURSION = YES;
				CLANG_WARN_INT_CONVERSION = YES;
				CLANG_WARN_NON_LITERAL_NULL_CONVERSION = YES;
				CLANG_WARN_OBJC_IMPLICIT_RETAIN_SELF = YES;
				CLANG_WARN_OBJC_LITERAL_CONVERSION = YES;
				CLANG_WARN_OBJC_ROOT_CLASS = YES_ERROR;
				CLANG_WARN_RANGE_LOOP_ANALYSIS = YES;
				CLANG_WARN_STRICT_PROTOTYPES = YES;
				CLANG_WARN_SUSPICIOUS_MOVE = YES;
				CLANG_WARN_UNGUARDED_AVAILABILITY = YES_AGGRESSIVE;
				CLANG_WARN_UNREACHABLE_CODE = YES;
				CLANG_WARN__DUPLICATE_METHOD_MATCH = YES;
				COPY_PHASE_STRIP = NO;
				DEBUG_INFORMATION_FORMAT = dwarf;
				ENABLE_STRICT_OBJC_MSGSEND = YES;
				ENABLE_TESTABILITY = YES;
				GCC_C_LANGUAGE_STANDARD = gnu11;
				GCC_DYNAMIC_NO_PIC = NO;
				GCC_NO_COMMON_BLOCKS = YES;
				GCC_OPTIMIZATION_LEVEL = 0;
				GCC_PREPROCESSOR_DEFINITIONS = (
					"DEBUG=1",
					"$(inherited)",
				);
				GCC_WARN_64_TO_32_BIT_CONVERSION = YES;
				GCC_WARN_ABOUT_RETURN_TYPE = YES_ERROR;
				GCC_WARN_UNDECLARED_SELECTOR = YES;
				GCC_WARN_UNINITIALIZED_AUTOS = YES_AGGRESSIVE;
				GCC_WARN_UNUSED_FUNCTION = YES;
				GCC_WARN_UNUSED_VARIABLE = YES;
				IPHONEOS_DEPLOYMENT_TARGET = 12.4;
				MTL_ENABLE_DEBUG_INFO = INCLUDE_SOURCE;
				MTL_FAST_MATH = YES;
				ONLY_ACTIVE_ARCH = YES;
				SDKROOT = iphoneos;
				SWIFT_ACTIVE_COMPILATION_CONDITIONS = DEBUG;
				SWIFT_OPTIMIZATION_LEVEL = "-Onone";
			};
			name = Debug;
		};
		B46E8E41237C2CF700BCE516 /* Release */ = {
			isa = XCBuildConfiguration;
			buildSettings = {
				ALWAYS_SEARCH_USER_PATHS = NO;
				CLANG_ANALYZER_NONNULL = YES;
				CLANG_ANALYZER_NUMBER_OBJECT_CONVERSION = YES_AGGRESSIVE;
				CLANG_CXX_LANGUAGE_STANDARD = "gnu++14";
				CLANG_CXX_LIBRARY = "libc++";
				CLANG_ENABLE_MODULES = YES;
				CLANG_ENABLE_OBJC_ARC = YES;
				CLANG_ENABLE_OBJC_WEAK = YES;
				CLANG_WARN_BLOCK_CAPTURE_AUTORELEASING = YES;
				CLANG_WARN_BOOL_CONVERSION = YES;
				CLANG_WARN_COMMA = YES;
				CLANG_WARN_CONSTANT_CONVERSION = YES;
				CLANG_WARN_DEPRECATED_OBJC_IMPLEMENTATIONS = YES;
				CLANG_WARN_DIRECT_OBJC_ISA_USAGE = YES_ERROR;
				CLANG_WARN_DOCUMENTATION_COMMENTS = YES;
				CLANG_WARN_EMPTY_BODY = YES;
				CLANG_WARN_ENUM_CONVERSION = YES;
				CLANG_WARN_INFINITE_RECURSION = YES;
				CLANG_WARN_INT_CONVERSION = YES;
				CLANG_WARN_NON_LITERAL_NULL_CONVERSION = YES;
				CLANG_WARN_OBJC_IMPLICIT_RETAIN_SELF = YES;
				CLANG_WARN_OBJC_LITERAL_CONVERSION = YES;
				CLANG_WARN_OBJC_ROOT_CLASS = YES_ERROR;
				CLANG_WARN_RANGE_LOOP_ANALYSIS = YES;
				CLANG_WARN_STRICT_PROTOTYPES = YES;
				CLANG_WARN_SUSPICIOUS_MOVE = YES;
				CLANG_WARN_UNGUARDED_AVAILABILITY = YES_AGGRESSIVE;
				CLANG_WARN_UNREACHABLE_CODE = YES;
				CLANG_WARN__DUPLICATE_METHOD_MATCH = YES;
				COPY_PHASE_STRIP = NO;
				DEBUG_INFORMATION_FORMAT = "dwarf-with-dsym";
				ENABLE_NS_ASSERTIONS = NO;
				ENABLE_STRICT_OBJC_MSGSEND = YES;
				GCC_C_LANGUAGE_STANDARD = gnu11;
				GCC_NO_COMMON_BLOCKS = YES;
				GCC_WARN_64_TO_32_BIT_CONVERSION = YES;
				GCC_WARN_ABOUT_RETURN_TYPE = YES_ERROR;
				GCC_WARN_UNDECLARED_SELECTOR = YES;
				GCC_WARN_UNINITIALIZED_AUTOS = YES_AGGRESSIVE;
				GCC_WARN_UNUSED_FUNCTION = YES;
				GCC_WARN_UNUSED_VARIABLE = YES;
				IPHONEOS_DEPLOYMENT_TARGET = 12.4;
				MTL_ENABLE_DEBUG_INFO = NO;
				MTL_FAST_MATH = YES;
				SDKROOT = iphoneos;
				SWIFT_COMPILATION_MODE = wholemodule;
				SWIFT_OPTIMIZATION_LEVEL = "-O";
				VALIDATE_PRODUCT = YES;
			};
			name = Release;
		};
		B46E8E43237C2CF700BCE516 /* Debug */ = {
			isa = XCBuildConfiguration;
			buildSettings = {
				ASSETCATALOG_COMPILER_APPICON_NAME = AppIcon;
				CODE_SIGN_STYLE = Automatic;
				DEVELOPMENT_ASSET_PATHS = "";
				DEVELOPMENT_TEAM = 7N9Z7384YN;
				ENABLE_PREVIEWS = YES;
				FRAMEWORK_SEARCH_PATHS = (
					"$(inherited)",
					"$(PROJECT_DIR)/Carthage/Build/iOS",
				);
				INFOPLIST_FILE = PUChallenge/Info.plist;
				LD_RUNPATH_SEARCH_PATHS = (
					"$(inherited)",
					"@executable_path/Frameworks",
				);
				PRODUCT_BUNDLE_IDENTIFIER = me.mauriciocardozo.PUChallenge;
				PRODUCT_NAME = "$(TARGET_NAME)";
				SWIFT_VERSION = 5.0;
				TARGETED_DEVICE_FAMILY = "1,2";
			};
			name = Debug;
		};
		B46E8E44237C2CF700BCE516 /* Release */ = {
			isa = XCBuildConfiguration;
			buildSettings = {
				ASSETCATALOG_COMPILER_APPICON_NAME = AppIcon;
				CODE_SIGN_STYLE = Automatic;
				DEVELOPMENT_ASSET_PATHS = "";
				DEVELOPMENT_TEAM = 7N9Z7384YN;
				ENABLE_PREVIEWS = YES;
				FRAMEWORK_SEARCH_PATHS = (
					"$(inherited)",
					"$(PROJECT_DIR)/Carthage/Build/iOS",
				);
				INFOPLIST_FILE = PUChallenge/Info.plist;
				LD_RUNPATH_SEARCH_PATHS = (
					"$(inherited)",
					"@executable_path/Frameworks",
				);
				PRODUCT_BUNDLE_IDENTIFIER = me.mauriciocardozo.PUChallenge;
				PRODUCT_NAME = "$(TARGET_NAME)";
				SWIFT_VERSION = 5.0;
				TARGETED_DEVICE_FAMILY = "1,2";
			};
			name = Release;
		};
		B46E8E46237C2CF700BCE516 /* Debug */ = {
			isa = XCBuildConfiguration;
			buildSettings = {
				ALWAYS_EMBED_SWIFT_STANDARD_LIBRARIES = YES;
				BUNDLE_LOADER = "$(TEST_HOST)";
				CODE_SIGN_STYLE = Automatic;
				DEVELOPMENT_TEAM = 7N9Z7384YN;
				FRAMEWORK_SEARCH_PATHS = (
					"$(inherited)",
					"$(PROJECT_DIR)/Carthage/Build/iOS",
				);
				INFOPLIST_FILE = PUChallengeTests/Info.plist;
				IPHONEOS_DEPLOYMENT_TARGET = 13.2;
				LD_RUNPATH_SEARCH_PATHS = (
					"$(inherited)",
					"@executable_path/Frameworks",
					"@loader_path/Frameworks",
				);
				PRODUCT_BUNDLE_IDENTIFIER = me.mauriciocardozo.PUChallengeTests;
				PRODUCT_NAME = "$(TARGET_NAME)";
				SWIFT_VERSION = 5.0;
				TARGETED_DEVICE_FAMILY = "1,2";
				TEST_HOST = "$(BUILT_PRODUCTS_DIR)/PUChallenge.app/PUChallenge";
			};
			name = Debug;
		};
		B46E8E47237C2CF700BCE516 /* Release */ = {
			isa = XCBuildConfiguration;
			buildSettings = {
				ALWAYS_EMBED_SWIFT_STANDARD_LIBRARIES = YES;
				BUNDLE_LOADER = "$(TEST_HOST)";
				CODE_SIGN_STYLE = Automatic;
				DEVELOPMENT_TEAM = 7N9Z7384YN;
				FRAMEWORK_SEARCH_PATHS = (
					"$(inherited)",
					"$(PROJECT_DIR)/Carthage/Build/iOS",
				);
				INFOPLIST_FILE = PUChallengeTests/Info.plist;
				IPHONEOS_DEPLOYMENT_TARGET = 13.2;
				LD_RUNPATH_SEARCH_PATHS = (
					"$(inherited)",
					"@executable_path/Frameworks",
					"@loader_path/Frameworks",
				);
				PRODUCT_BUNDLE_IDENTIFIER = me.mauriciocardozo.PUChallengeTests;
				PRODUCT_NAME = "$(TARGET_NAME)";
				SWIFT_VERSION = 5.0;
				TARGETED_DEVICE_FAMILY = "1,2";
				TEST_HOST = "$(BUILT_PRODUCTS_DIR)/PUChallenge.app/PUChallenge";
			};
			name = Release;
		};
/* End XCBuildConfiguration section */

/* Begin XCConfigurationList section */
		B46E8E1E237C2CF600BCE516 /* Build configuration list for PBXProject "PUChallenge" */ = {
			isa = XCConfigurationList;
			buildConfigurations = (
				B46E8E40237C2CF700BCE516 /* Debug */,
				B46E8E41237C2CF700BCE516 /* Release */,
			);
			defaultConfigurationIsVisible = 0;
			defaultConfigurationName = Release;
		};
		B46E8E42237C2CF700BCE516 /* Build configuration list for PBXNativeTarget "PUChallenge" */ = {
			isa = XCConfigurationList;
			buildConfigurations = (
				B46E8E43237C2CF700BCE516 /* Debug */,
				B46E8E44237C2CF700BCE516 /* Release */,
			);
			defaultConfigurationIsVisible = 0;
			defaultConfigurationName = Release;
		};
		B46E8E45237C2CF700BCE516 /* Build configuration list for PBXNativeTarget "PUChallengeTests" */ = {
			isa = XCConfigurationList;
			buildConfigurations = (
				B46E8E46237C2CF700BCE516 /* Debug */,
				B46E8E47237C2CF700BCE516 /* Release */,
			);
			defaultConfigurationIsVisible = 0;
			defaultConfigurationName = Release;
		};
/* End XCConfigurationList section */
	};
	rootObject = B46E8E1B237C2CF600BCE516 /* Project object */;
}
